
Microsoft Visual Studio Solution File, Format Version 12.00
# Visual Studio 14
VisualStudioVersion = 14.0.22823.1
MinimumVisualStudioVersion = 10.0.40219.1
Project("{FAE04EC0-301F-11D3-BF4B-00C04F79EFBC}") = "XamarinForms.LocalRepository", "XamarinForms.LocalRepository\XamarinForms.LocalRepository\XamarinForms.LocalRepository.csproj", "{F897AB4A-422C-4DDC-BDDC-4EC0B2A05A36}"
EndProject
Project("{FAE04EC0-301F-11D3-BF4B-00C04F79EFBC}") = "XamarinForms.LocalRepository.iOS", "XamarinForms.LocalRepository\XamarinForms.LocalRepository.iOS\XamarinForms.LocalRepository.iOS.csproj", "{B5A9E18C-1184-4ECD-A3FE-4B21EBBDB34A}"
EndProject
Project("{FAE04EC0-301F-11D3-BF4B-00C04F79EFBC}") = "XamarinForms.LocalRepository.Droid", "XamarinForms.LocalRepository\XamarinForms.LocalRepository.Droid\XamarinForms.LocalRepository.Droid.csproj", "{B6D1A9A0-BEB4-4A38-9194-551F2F2B5E81}"
EndProject
Project("{FAE04EC0-301F-11D3-BF4B-00C04F79EFBC}") = "XamarinForms.LocalRepository.WinPhone", "XamarinForms.LocalRepository\XamarinForms.LocalRepository.WinPhone\XamarinForms.LocalRepository.WinPhone.csproj", "{528142B9-3670-47BE-B42A-856434BE95BC}"
EndProject
Project("{FAE04EC0-301F-11D3-BF4B-00C04F79EFBC}") = "XamarinForms.LocalRepository.Windows", "XamarinForms.LocalRepository\XamarinForms.LocalRepository.Windows\XamarinForms.LocalRepository.Windows.csproj", "{9B4345AA-0839-447E-A513-558EBDB01CDC}"
EndProject
Global
	GlobalSection(SolutionConfigurationPlatforms) = preSolution
		Ad-Hoc|Any CPU = Ad-Hoc|Any CPU
		Ad-Hoc|ARM = Ad-Hoc|ARM
		Ad-Hoc|iPhone = Ad-Hoc|iPhone
		Ad-Hoc|iPhoneSimulator = Ad-Hoc|iPhoneSimulator
		Ad-Hoc|x64 = Ad-Hoc|x64
		Ad-Hoc|x86 = Ad-Hoc|x86
		AppStore|Any CPU = AppStore|Any CPU
		AppStore|ARM = AppStore|ARM
		AppStore|iPhone = AppStore|iPhone
		AppStore|iPhoneSimulator = AppStore|iPhoneSimulator
		AppStore|x64 = AppStore|x64
		AppStore|x86 = AppStore|x86
		Debug|Any CPU = Debug|Any CPU
		Debug|ARM = Debug|ARM
		Debug|iPhone = Debug|iPhone
		Debug|iPhoneSimulator = Debug|iPhoneSimulator
		Debug|x64 = Debug|x64
		Debug|x86 = Debug|x86
		Release|Any CPU = Release|Any CPU
		Release|ARM = Release|ARM
		Release|iPhone = Release|iPhone
		Release|iPhoneSimulator = Release|iPhoneSimulator
		Release|x64 = Release|x64
		Release|x86 = Release|x86
	EndGlobalSection
	GlobalSection(ProjectConfigurationPlatforms) = postSolution
		{F897AB4A-422C-4DDC-BDDC-4EC0B2A05A36}.Ad-Hoc|Any CPU.ActiveCfg = Release|Any CPU
		{F897AB4A-422C-4DDC-BDDC-4EC0B2A05A36}.Ad-Hoc|Any CPU.Build.0 = Release|Any CPU
		{F897AB4A-422C-4DDC-BDDC-4EC0B2A05A36}.Ad-Hoc|ARM.ActiveCfg = Release|Any CPU
		{F897AB4A-422C-4DDC-BDDC-4EC0B2A05A36}.Ad-Hoc|ARM.Build.0 = Release|Any CPU
		{F897AB4A-422C-4DDC-BDDC-4EC0B2A05A36}.Ad-Hoc|iPhone.ActiveCfg = Release|Any CPU
		{F897AB4A-422C-4DDC-BDDC-4EC0B2A05A36}.Ad-Hoc|iPhone.Build.0 = Release|Any CPU
		{F897AB4A-422C-4DDC-BDDC-4EC0B2A05A36}.Ad-Hoc|iPhoneSimulator.ActiveCfg = Release|Any CPU
		{F897AB4A-422C-4DDC-BDDC-4EC0B2A05A36}.Ad-Hoc|iPhoneSimulator.Build.0 = Release|Any CPU
		{F897AB4A-422C-4DDC-BDDC-4EC0B2A05A36}.Ad-Hoc|x64.ActiveCfg = Debug|Any CPU
		{F897AB4A-422C-4DDC-BDDC-4EC0B2A05A36}.Ad-Hoc|x64.Build.0 = Debug|Any CPU
		{F897AB4A-422C-4DDC-BDDC-4EC0B2A05A36}.Ad-Hoc|x86.ActiveCfg = Release|Any CPU
		{F897AB4A-422C-4DDC-BDDC-4EC0B2A05A36}.Ad-Hoc|x86.Build.0 = Release|Any CPU
		{F897AB4A-422C-4DDC-BDDC-4EC0B2A05A36}.AppStore|Any CPU.ActiveCfg = Release|Any CPU
		{F897AB4A-422C-4DDC-BDDC-4EC0B2A05A36}.AppStore|Any CPU.Build.0 = Release|Any CPU
		{F897AB4A-422C-4DDC-BDDC-4EC0B2A05A36}.AppStore|ARM.ActiveCfg = Release|Any CPU
		{F897AB4A-422C-4DDC-BDDC-4EC0B2A05A36}.AppStore|ARM.Build.0 = Release|Any CPU
		{F897AB4A-422C-4DDC-BDDC-4EC0B2A05A36}.AppStore|iPhone.ActiveCfg = Release|Any CPU
		{F897AB4A-422C-4DDC-BDDC-4EC0B2A05A36}.AppStore|iPhone.Build.0 = Release|Any CPU
		{F897AB4A-422C-4DDC-BDDC-4EC0B2A05A36}.AppStore|iPhoneSimulator.ActiveCfg = Release|Any CPU
		{F897AB4A-422C-4DDC-BDDC-4EC0B2A05A36}.AppStore|iPhoneSimulator.Build.0 = Release|Any CPU
		{F897AB4A-422C-4DDC-BDDC-4EC0B2A05A36}.AppStore|x64.ActiveCfg = Debug|Any CPU
		{F897AB4A-422C-4DDC-BDDC-4EC0B2A05A36}.AppStore|x64.Build.0 = Debug|Any CPU
		{F897AB4A-422C-4DDC-BDDC-4EC0B2A05A36}.AppStore|x86.ActiveCfg = Release|Any CPU
		{F897AB4A-422C-4DDC-BDDC-4EC0B2A05A36}.AppStore|x86.Build.0 = Release|Any CPU
		{F897AB4A-422C-4DDC-BDDC-4EC0B2A05A36}.Debug|Any CPU.ActiveCfg = Debug|Any CPU
		{F897AB4A-422C-4DDC-BDDC-4EC0B2A05A36}.Debug|Any CPU.Build.0 = Debug|Any CPU
		{F897AB4A-422C-4DDC-BDDC-4EC0B2A05A36}.Debug|ARM.ActiveCfg = Debug|Any CPU
		{F897AB4A-422C-4DDC-BDDC-4EC0B2A05A36}.Debug|ARM.Build.0 = Debug|Any CPU
		{F897AB4A-422C-4DDC-BDDC-4EC0B2A05A36}.Debug|iPhone.ActiveCfg = Debug|Any CPU
		{F897AB4A-422C-4DDC-BDDC-4EC0B2A05A36}.Debug|iPhone.Build.0 = Debug|Any CPU
		{F897AB4A-422C-4DDC-BDDC-4EC0B2A05A36}.Debug|iPhoneSimulator.ActiveCfg = Debug|Any CPU
		{F897AB4A-422C-4DDC-BDDC-4EC0B2A05A36}.Debug|iPhoneSimulator.Build.0 = Debug|Any CPU
		{F897AB4A-422C-4DDC-BDDC-4EC0B2A05A36}.Debug|x64.ActiveCfg = Debug|Any CPU
		{F897AB4A-422C-4DDC-BDDC-4EC0B2A05A36}.Debug|x64.Build.0 = Debug|Any CPU
		{F897AB4A-422C-4DDC-BDDC-4EC0B2A05A36}.Debug|x86.ActiveCfg = Debug|Any CPU
		{F897AB4A-422C-4DDC-BDDC-4EC0B2A05A36}.Debug|x86.Build.0 = Debug|Any CPU
		{F897AB4A-422C-4DDC-BDDC-4EC0B2A05A36}.Release|Any CPU.ActiveCfg = Release|Any CPU
		{F897AB4A-422C-4DDC-BDDC-4EC0B2A05A36}.Release|Any CPU.Build.0 = Release|Any CPU
		{F897AB4A-422C-4DDC-BDDC-4EC0B2A05A36}.Release|ARM.ActiveCfg = Release|Any CPU
		{F897AB4A-422C-4DDC-BDDC-4EC0B2A05A36}.Release|ARM.Build.0 = Release|Any CPU
		{F897AB4A-422C-4DDC-BDDC-4EC0B2A05A36}.Release|iPhone.ActiveCfg = Release|Any CPU
		{F897AB4A-422C-4DDC-BDDC-4EC0B2A05A36}.Release|iPhone.Build.0 = Release|Any CPU
		{F897AB4A-422C-4DDC-BDDC-4EC0B2A05A36}.Release|iPhoneSimulator.ActiveCfg = Release|Any CPU
		{F897AB4A-422C-4DDC-BDDC-4EC0B2A05A36}.Release|iPhoneSimulator.Build.0 = Release|Any CPU
		{F897AB4A-422C-4DDC-BDDC-4EC0B2A05A36}.Release|x64.ActiveCfg = Release|Any CPU
		{F897AB4A-422C-4DDC-BDDC-4EC0B2A05A36}.Release|x64.Build.0 = Release|Any CPU
		{F897AB4A-422C-4DDC-BDDC-4EC0B2A05A36}.Release|x86.ActiveCfg = Release|Any CPU
		{F897AB4A-422C-4DDC-BDDC-4EC0B2A05A36}.Release|x86.Build.0 = Release|Any CPU
		{B5A9E18C-1184-4ECD-A3FE-4B21EBBDB34A}.Ad-Hoc|Any CPU.ActiveCfg = Ad-Hoc|iPhone
		{B5A9E18C-1184-4ECD-A3FE-4B21EBBDB34A}.Ad-Hoc|ARM.ActiveCfg = Ad-Hoc|iPhone
		{B5A9E18C-1184-4ECD-A3FE-4B21EBBDB34A}.Ad-Hoc|iPhone.ActiveCfg = Ad-Hoc|iPhone
		{B5A9E18C-1184-4ECD-A3FE-4B21EBBDB34A}.Ad-Hoc|iPhone.Build.0 = Ad-Hoc|iPhone
		{B5A9E18C-1184-4ECD-A3FE-4B21EBBDB34A}.Ad-Hoc|iPhoneSimulator.ActiveCfg = Ad-Hoc|iPhoneSimulator
		{B5A9E18C-1184-4ECD-A3FE-4B21EBBDB34A}.Ad-Hoc|iPhoneSimulator.Build.0 = Ad-Hoc|iPhoneSimulator
		{B5A9E18C-1184-4ECD-A3FE-4B21EBBDB34A}.Ad-Hoc|x64.ActiveCfg = Ad-Hoc|iPhoneSimulator
		{B5A9E18C-1184-4ECD-A3FE-4B21EBBDB34A}.Ad-Hoc|x86.ActiveCfg = Ad-Hoc|iPhone
		{B5A9E18C-1184-4ECD-A3FE-4B21EBBDB34A}.AppStore|Any CPU.ActiveCfg = AppStore|iPhone
		{B5A9E18C-1184-4ECD-A3FE-4B21EBBDB34A}.AppStore|ARM.ActiveCfg = AppStore|iPhone
		{B5A9E18C-1184-4ECD-A3FE-4B21EBBDB34A}.AppStore|iPhone.ActiveCfg = AppStore|iPhone
		{B5A9E18C-1184-4ECD-A3FE-4B21EBBDB34A}.AppStore|iPhone.Build.0 = AppStore|iPhone
		{B5A9E18C-1184-4ECD-A3FE-4B21EBBDB34A}.AppStore|iPhoneSimulator.ActiveCfg = AppStore|iPhoneSimulator
		{B5A9E18C-1184-4ECD-A3FE-4B21EBBDB34A}.AppStore|iPhoneSimulator.Build.0 = AppStore|iPhoneSimulator
		{B5A9E18C-1184-4ECD-A3FE-4B21EBBDB34A}.AppStore|x64.ActiveCfg = AppStore|iPhoneSimulator
		{B5A9E18C-1184-4ECD-A3FE-4B21EBBDB34A}.AppStore|x86.ActiveCfg = AppStore|iPhone
		{B5A9E18C-1184-4ECD-A3FE-4B21EBBDB34A}.Debug|Any CPU.ActiveCfg = Debug|iPhone
		{B5A9E18C-1184-4ECD-A3FE-4B21EBBDB34A}.Debug|ARM.ActiveCfg = Debug|iPhone
		{B5A9E18C-1184-4ECD-A3FE-4B21EBBDB34A}.Debug|iPhone.ActiveCfg = Debug|iPhone
		{B5A9E18C-1184-4ECD-A3FE-4B21EBBDB34A}.Debug|iPhone.Build.0 = Debug|iPhone
		{B5A9E18C-1184-4ECD-A3FE-4B21EBBDB34A}.Debug|iPhoneSimulator.ActiveCfg = Debug|iPhoneSimulator
		{B5A9E18C-1184-4ECD-A3FE-4B21EBBDB34A}.Debug|iPhoneSimulator.Build.0 = Debug|iPhoneSimulator
		{B5A9E18C-1184-4ECD-A3FE-4B21EBBDB34A}.Debug|x64.ActiveCfg = Debug|iPhoneSimulator
		{B5A9E18C-1184-4ECD-A3FE-4B21EBBDB34A}.Debug|x86.ActiveCfg = Debug|iPhone
		{B5A9E18C-1184-4ECD-A3FE-4B21EBBDB34A}.Release|Any CPU.ActiveCfg = Release|iPhone
		{B5A9E18C-1184-4ECD-A3FE-4B21EBBDB34A}.Release|ARM.ActiveCfg = Release|iPhone
		{B5A9E18C-1184-4ECD-A3FE-4B21EBBDB34A}.Release|iPhone.ActiveCfg = Release|iPhone
		{B5A9E18C-1184-4ECD-A3FE-4B21EBBDB34A}.Release|iPhone.Build.0 = Release|iPhone
		{B5A9E18C-1184-4ECD-A3FE-4B21EBBDB34A}.Release|iPhoneSimulator.ActiveCfg = Release|iPhoneSimulator
		{B5A9E18C-1184-4ECD-A3FE-4B21EBBDB34A}.Release|iPhoneSimulator.Build.0 = Release|iPhoneSimulator
		{B5A9E18C-1184-4ECD-A3FE-4B21EBBDB34A}.Release|x64.ActiveCfg = Release|iPhoneSimulator
		{B5A9E18C-1184-4ECD-A3FE-4B21EBBDB34A}.Release|x86.ActiveCfg = Release|iPhone
		{B6D1A9A0-BEB4-4A38-9194-551F2F2B5E81}.Ad-Hoc|Any CPU.ActiveCfg = Release|Any CPU
		{B6D1A9A0-BEB4-4A38-9194-551F2F2B5E81}.Ad-Hoc|Any CPU.Build.0 = Release|Any CPU
		{B6D1A9A0-BEB4-4A38-9194-551F2F2B5E81}.Ad-Hoc|Any CPU.Deploy.0 = Release|Any CPU
		{B6D1A9A0-BEB4-4A38-9194-551F2F2B5E81}.Ad-Hoc|ARM.ActiveCfg = Release|Any CPU
		{B6D1A9A0-BEB4-4A38-9194-551F2F2B5E81}.Ad-Hoc|ARM.Build.0 = Release|Any CPU
		{B6D1A9A0-BEB4-4A38-9194-551F2F2B5E81}.Ad-Hoc|ARM.Deploy.0 = Release|Any CPU
		{B6D1A9A0-BEB4-4A38-9194-551F2F2B5E81}.Ad-Hoc|iPhone.ActiveCfg = Release|Any CPU
		{B6D1A9A0-BEB4-4A38-9194-551F2F2B5E81}.Ad-Hoc|iPhone.Build.0 = Release|Any CPU
		{B6D1A9A0-BEB4-4A38-9194-551F2F2B5E81}.Ad-Hoc|iPhone.Deploy.0 = Release|Any CPU
		{B6D1A9A0-BEB4-4A38-9194-551F2F2B5E81}.Ad-Hoc|iPhoneSimulator.ActiveCfg = Release|Any CPU
		{B6D1A9A0-BEB4-4A38-9194-551F2F2B5E81}.Ad-Hoc|iPhoneSimulator.Build.0 = Release|Any CPU
		{B6D1A9A0-BEB4-4A38-9194-551F2F2B5E81}.Ad-Hoc|iPhoneSimulator.Deploy.0 = Release|Any CPU
		{B6D1A9A0-BEB4-4A38-9194-551F2F2B5E81}.Ad-Hoc|x64.ActiveCfg = Debug|Any CPU
		{B6D1A9A0-BEB4-4A38-9194-551F2F2B5E81}.Ad-Hoc|x64.Build.0 = Debug|Any CPU
		{B6D1A9A0-BEB4-4A38-9194-551F2F2B5E81}.Ad-Hoc|x64.Deploy.0 = Debug|Any CPU
		{B6D1A9A0-BEB4-4A38-9194-551F2F2B5E81}.Ad-Hoc|x86.ActiveCfg = Release|Any CPU
		{B6D1A9A0-BEB4-4A38-9194-551F2F2B5E81}.Ad-Hoc|x86.Build.0 = Release|Any CPU
		{B6D1A9A0-BEB4-4A38-9194-551F2F2B5E81}.Ad-Hoc|x86.Deploy.0 = Release|Any CPU
		{B6D1A9A0-BEB4-4A38-9194-551F2F2B5E81}.AppStore|Any CPU.ActiveCfg = Release|Any CPU
		{B6D1A9A0-BEB4-4A38-9194-551F2F2B5E81}.AppStore|Any CPU.Build.0 = Release|Any CPU
		{B6D1A9A0-BEB4-4A38-9194-551F2F2B5E81}.AppStore|Any CPU.Deploy.0 = Release|Any CPU
		{B6D1A9A0-BEB4-4A38-9194-551F2F2B5E81}.AppStore|ARM.ActiveCfg = Release|Any CPU
		{B6D1A9A0-BEB4-4A38-9194-551F2F2B5E81}.AppStore|ARM.Build.0 = Release|Any CPU
		{B6D1A9A0-BEB4-4A38-9194-551F2F2B5E81}.AppStore|ARM.Deploy.0 = Release|Any CPU
		{B6D1A9A0-BEB4-4A38-9194-551F2F2B5E81}.AppStore|iPhone.ActiveCfg = Release|Any CPU
		{B6D1A9A0-BEB4-4A38-9194-551F2F2B5E81}.AppStore|iPhone.Build.0 = Release|Any CPU
		{B6D1A9A0-BEB4-4A38-9194-551F2F2B5E81}.AppStore|iPhone.Deploy.0 = Release|Any CPU
		{B6D1A9A0-BEB4-4A38-9194-551F2F2B5E81}.AppStore|iPhoneSimulator.ActiveCfg = Release|Any CPU
		{B6D1A9A0-BEB4-4A38-9194-551F2F2B5E81}.AppStore|iPhoneSimulator.Build.0 = Release|Any CPU
		{B6D1A9A0-BEB4-4A38-9194-551F2F2B5E81}.AppStore|iPhoneSimulator.Deploy.0 = Release|Any CPU
		{B6D1A9A0-BEB4-4A38-9194-551F2F2B5E81}.AppStore|x64.ActiveCfg = Debug|Any CPU
		{B6D1A9A0-BEB4-4A38-9194-551F2F2B5E81}.AppStore|x64.Build.0 = Debug|Any CPU
		{B6D1A9A0-BEB4-4A38-9194-551F2F2B5E81}.AppStore|x64.Deploy.0 = Debug|Any CPU
		{B6D1A9A0-BEB4-4A38-9194-551F2F2B5E81}.AppStore|x86.ActiveCfg = Release|Any CPU
		{B6D1A9A0-BEB4-4A38-9194-551F2F2B5E81}.AppStore|x86.Build.0 = Release|Any CPU
		{B6D1A9A0-BEB4-4A38-9194-551F2F2B5E81}.AppStore|x86.Deploy.0 = Release|Any CPU
		{B6D1A9A0-BEB4-4A38-9194-551F2F2B5E81}.Debug|Any CPU.ActiveCfg = Debug|Any CPU
		{B6D1A9A0-BEB4-4A38-9194-551F2F2B5E81}.Debug|Any CPU.Build.0 = Debug|Any CPU
		{B6D1A9A0-BEB4-4A38-9194-551F2F2B5E81}.Debug|Any CPU.Deploy.0 = Debug|Any CPU
		{B6D1A9A0-BEB4-4A38-9194-551F2F2B5E81}.Debug|ARM.ActiveCfg = Debug|Any CPU
		{B6D1A9A0-BEB4-4A38-9194-551F2F2B5E81}.Debug|ARM.Build.0 = Debug|Any CPU
		{B6D1A9A0-BEB4-4A38-9194-551F2F2B5E81}.Debug|ARM.Deploy.0 = Debug|Any CPU
		{B6D1A9A0-BEB4-4A38-9194-551F2F2B5E81}.Debug|iPhone.ActiveCfg = Debug|Any CPU
		{B6D1A9A0-BEB4-4A38-9194-551F2F2B5E81}.Debug|iPhone.Build.0 = Debug|Any CPU
		{B6D1A9A0-BEB4-4A38-9194-551F2F2B5E81}.Debug|iPhone.Deploy.0 = Debug|Any CPU
		{B6D1A9A0-BEB4-4A38-9194-551F2F2B5E81}.Debug|iPhoneSimulator.ActiveCfg = Debug|Any CPU
		{B6D1A9A0-BEB4-4A38-9194-551F2F2B5E81}.Debug|iPhoneSimulator.Build.0 = Debug|Any CPU
		{B6D1A9A0-BEB4-4A38-9194-551F2F2B5E81}.Debug|iPhoneSimulator.Deploy.0 = Debug|Any CPU
		{B6D1A9A0-BEB4-4A38-9194-551F2F2B5E81}.Debug|x64.ActiveCfg = Debug|Any CPU
		{B6D1A9A0-BEB4-4A38-9194-551F2F2B5E81}.Debug|x64.Build.0 = Debug|Any CPU
		{B6D1A9A0-BEB4-4A38-9194-551F2F2B5E81}.Debug|x64.Deploy.0 = Debug|Any CPU
		{B6D1A9A0-BEB4-4A38-9194-551F2F2B5E81}.Debug|x86.ActiveCfg = Debug|Any CPU
		{B6D1A9A0-BEB4-4A38-9194-551F2F2B5E81}.Debug|x86.Build.0 = Debug|Any CPU
		{B6D1A9A0-BEB4-4A38-9194-551F2F2B5E81}.Debug|x86.Deploy.0 = Debug|Any CPU
		{B6D1A9A0-BEB4-4A38-9194-551F2F2B5E81}.Release|Any CPU.ActiveCfg = Release|Any CPU
		{B6D1A9A0-BEB4-4A38-9194-551F2F2B5E81}.Release|Any CPU.Build.0 = Release|Any CPU
		{B6D1A9A0-BEB4-4A38-9194-551F2F2B5E81}.Release|Any CPU.Deploy.0 = Release|Any CPU
		{B6D1A9A0-BEB4-4A38-9194-551F2F2B5E81}.Release|ARM.ActiveCfg = Release|Any CPU
		{B6D1A9A0-BEB4-4A38-9194-551F2F2B5E81}.Release|ARM.Build.0 = Release|Any CPU
		{B6D1A9A0-BEB4-4A38-9194-551F2F2B5E81}.Release|ARM.Deploy.0 = Release|Any CPU
		{B6D1A9A0-BEB4-4A38-9194-551F2F2B5E81}.Release|iPhone.ActiveCfg = Release|Any CPU
		{B6D1A9A0-BEB4-4A38-9194-551F2F2B5E81}.Release|iPhone.Build.0 = Release|Any CPU
		{B6D1A9A0-BEB4-4A38-9194-551F2F2B5E81}.Release|iPhone.Deploy.0 = Release|Any CPU
		{B6D1A9A0-BEB4-4A38-9194-551F2F2B5E81}.Release|iPhoneSimulator.ActiveCfg = Release|Any CPU
		{B6D1A9A0-BEB4-4A38-9194-551F2F2B5E81}.Release|iPhoneSimulator.Build.0 = Release|Any CPU
		{B6D1A9A0-BEB4-4A38-9194-551F2F2B5E81}.Release|iPhoneSimulator.Deploy.0 = Release|Any CPU
		{B6D1A9A0-BEB4-4A38-9194-551F2F2B5E81}.Release|x64.ActiveCfg = Release|Any CPU
		{B6D1A9A0-BEB4-4A38-9194-551F2F2B5E81}.Release|x64.Build.0 = Release|Any CPU
		{B6D1A9A0-BEB4-4A38-9194-551F2F2B5E81}.Release|x64.Deploy.0 = Release|Any CPU
		{B6D1A9A0-BEB4-4A38-9194-551F2F2B5E81}.Release|x86.ActiveCfg = Release|Any CPU
		{B6D1A9A0-BEB4-4A38-9194-551F2F2B5E81}.Release|x86.Build.0 = Release|Any CPU
		{B6D1A9A0-BEB4-4A38-9194-551F2F2B5E81}.Release|x86.Deploy.0 = Release|Any CPU
		{528142B9-3670-47BE-B42A-856434BE95BC}.Ad-Hoc|Any CPU.ActiveCfg = Release|Any CPU
		{528142B9-3670-47BE-B42A-856434BE95BC}.Ad-Hoc|Any CPU.Build.0 = Release|Any CPU
		{528142B9-3670-47BE-B42A-856434BE95BC}.Ad-Hoc|Any CPU.Deploy.0 = Release|Any CPU
		{528142B9-3670-47BE-B42A-856434BE95BC}.Ad-Hoc|ARM.ActiveCfg = Release|ARM
		{528142B9-3670-47BE-B42A-856434BE95BC}.Ad-Hoc|ARM.Build.0 = Release|ARM
		{528142B9-3670-47BE-B42A-856434BE95BC}.Ad-Hoc|ARM.Deploy.0 = Release|ARM
		{528142B9-3670-47BE-B42A-856434BE95BC}.Ad-Hoc|iPhone.ActiveCfg = Release|Any CPU
		{528142B9-3670-47BE-B42A-856434BE95BC}.Ad-Hoc|iPhone.Build.0 = Release|Any CPU
		{528142B9-3670-47BE-B42A-856434BE95BC}.Ad-Hoc|iPhone.Deploy.0 = Release|Any CPU
		{528142B9-3670-47BE-B42A-856434BE95BC}.Ad-Hoc|iPhoneSimulator.ActiveCfg = Release|Any CPU
		{528142B9-3670-47BE-B42A-856434BE95BC}.Ad-Hoc|iPhoneSimulator.Build.0 = Release|Any CPU
		{528142B9-3670-47BE-B42A-856434BE95BC}.Ad-Hoc|iPhoneSimulator.Deploy.0 = Release|Any CPU
		{528142B9-3670-47BE-B42A-856434BE95BC}.Ad-Hoc|x64.ActiveCfg = Debug|Any CPU
		{528142B9-3670-47BE-B42A-856434BE95BC}.Ad-Hoc|x64.Build.0 = Debug|Any CPU
		{528142B9-3670-47BE-B42A-856434BE95BC}.Ad-Hoc|x64.Deploy.0 = Debug|Any CPU
		{528142B9-3670-47BE-B42A-856434BE95BC}.Ad-Hoc|x86.ActiveCfg = Release|x86
		{528142B9-3670-47BE-B42A-856434BE95BC}.Ad-Hoc|x86.Build.0 = Release|x86
		{528142B9-3670-47BE-B42A-856434BE95BC}.Ad-Hoc|x86.Deploy.0 = Release|x86
		{528142B9-3670-47BE-B42A-856434BE95BC}.AppStore|Any CPU.ActiveCfg = Release|Any CPU
		{528142B9-3670-47BE-B42A-856434BE95BC}.AppStore|Any CPU.Build.0 = Release|Any CPU
		{528142B9-3670-47BE-B42A-856434BE95BC}.AppStore|Any CPU.Deploy.0 = Release|Any CPU
		{528142B9-3670-47BE-B42A-856434BE95BC}.AppStore|ARM.ActiveCfg = Release|ARM
		{528142B9-3670-47BE-B42A-856434BE95BC}.AppStore|ARM.Build.0 = Release|ARM
		{528142B9-3670-47BE-B42A-856434BE95BC}.AppStore|ARM.Deploy.0 = Release|ARM
		{528142B9-3670-47BE-B42A-856434BE95BC}.AppStore|iPhone.ActiveCfg = Release|Any CPU
		{528142B9-3670-47BE-B42A-856434BE95BC}.AppStore|iPhone.Build.0 = Release|Any CPU
		{528142B9-3670-47BE-B42A-856434BE95BC}.AppStore|iPhone.Deploy.0 = Release|Any CPU
		{528142B9-3670-47BE-B42A-856434BE95BC}.AppStore|iPhoneSimulator.ActiveCfg = Release|Any CPU
		{528142B9-3670-47BE-B42A-856434BE95BC}.AppStore|iPhoneSimulator.Build.0 = Release|Any CPU
		{528142B9-3670-47BE-B42A-856434BE95BC}.AppStore|iPhoneSimulator.Deploy.0 = Release|Any CPU
		{528142B9-3670-47BE-B42A-856434BE95BC}.AppStore|x64.ActiveCfg = Debug|Any CPU
		{528142B9-3670-47BE-B42A-856434BE95BC}.AppStore|x64.Build.0 = Debug|Any CPU
		{528142B9-3670-47BE-B42A-856434BE95BC}.AppStore|x64.Deploy.0 = Debug|Any CPU
		{528142B9-3670-47BE-B42A-856434BE95BC}.AppStore|x86.ActiveCfg = Release|x86
		{528142B9-3670-47BE-B42A-856434BE95BC}.AppStore|x86.Build.0 = Release|x86
		{528142B9-3670-47BE-B42A-856434BE95BC}.AppStore|x86.Deploy.0 = Release|x86
		{528142B9-3670-47BE-B42A-856434BE95BC}.Debug|Any CPU.ActiveCfg = Debug|Any CPU
		{528142B9-3670-47BE-B42A-856434BE95BC}.Debug|Any CPU.Build.0 = Debug|Any CPU
		{528142B9-3670-47BE-B42A-856434BE95BC}.Debug|Any CPU.Deploy.0 = Debug|Any CPU
		{528142B9-3670-47BE-B42A-856434BE95BC}.Debug|ARM.ActiveCfg = Debug|ARM
		{528142B9-3670-47BE-B42A-856434BE95BC}.Debug|ARM.Build.0 = Debug|ARM
		{528142B9-3670-47BE-B42A-856434BE95BC}.Debug|ARM.Deploy.0 = Debug|ARM
		{528142B9-3670-47BE-B42A-856434BE95BC}.Debug|iPhone.ActiveCfg = Debug|Any CPU
		{528142B9-3670-47BE-B42A-856434BE95BC}.Debug|iPhone.Build.0 = Debug|Any CPU
		{528142B9-3670-47BE-B42A-856434BE95BC}.Debug|iPhone.Deploy.0 = Debug|Any CPU
		{528142B9-3670-47BE-B42A-856434BE95BC}.Debug|iPhoneSimulator.ActiveCfg = Debug|Any CPU
		{528142B9-3670-47BE-B42A-856434BE95BC}.Debug|iPhoneSimulator.Build.0 = Debug|Any CPU
		{528142B9-3670-47BE-B42A-856434BE95BC}.Debug|iPhoneSimulator.Deploy.0 = Debug|Any CPU
		{528142B9-3670-47BE-B42A-856434BE95BC}.Debug|x64.ActiveCfg = Debug|Any CPU
		{528142B9-3670-47BE-B42A-856434BE95BC}.Debug|x64.Build.0 = Debug|Any CPU
		{528142B9-3670-47BE-B42A-856434BE95BC}.Debug|x64.Deploy.0 = Debug|Any CPU
		{528142B9-3670-47BE-B42A-856434BE95BC}.Debug|x86.ActiveCfg = Debug|x86
		{528142B9-3670-47BE-B42A-856434BE95BC}.Debug|x86.Build.0 = Debug|x86
		{528142B9-3670-47BE-B42A-856434BE95BC}.Debug|x86.Deploy.0 = Debug|x86
		{528142B9-3670-47BE-B42A-856434BE95BC}.Release|Any CPU.ActiveCfg = Release|Any CPU
		{528142B9-3670-47BE-B42A-856434BE95BC}.Release|Any CPU.Build.0 = Release|Any CPU
		{528142B9-3670-47BE-B42A-856434BE95BC}.Release|Any CPU.Deploy.0 = Release|Any CPU
		{528142B9-3670-47BE-B42A-856434BE95BC}.Release|ARM.ActiveCfg = Release|ARM
		{528142B9-3670-47BE-B42A-856434BE95BC}.Release|ARM.Build.0 = Release|ARM
		{528142B9-3670-47BE-B42A-856434BE95BC}.Release|ARM.Deploy.0 = Release|ARM
		{528142B9-3670-47BE-B42A-856434BE95BC}.Release|iPhone.ActiveCfg = Release|Any CPU
		{528142B9-3670-47BE-B42A-856434BE95BC}.Release|iPhone.Build.0 = Release|Any CPU
		{528142B9-3670-47BE-B42A-856434BE95BC}.Release|iPhone.Deploy.0 = Release|Any CPU
		{528142B9-3670-47BE-B42A-856434BE95BC}.Release|iPhoneSimulator.ActiveCfg = Release|Any CPU
		{528142B9-3670-47BE-B42A-856434BE95BC}.Release|iPhoneSimulator.Build.0 = Release|Any CPU
		{528142B9-3670-47BE-B42A-856434BE95BC}.Release|iPhoneSimulator.Deploy.0 = Release|Any CPU
		{528142B9-3670-47BE-B42A-856434BE95BC}.Release|x64.ActiveCfg = Release|Any CPU
		{528142B9-3670-47BE-B42A-856434BE95BC}.Release|x64.Build.0 = Release|Any CPU
		{528142B9-3670-47BE-B42A-856434BE95BC}.Release|x64.Deploy.0 = Release|Any CPU
		{528142B9-3670-47BE-B42A-856434BE95BC}.Release|x86.ActiveCfg = Release|x86
		{528142B9-3670-47BE-B42A-856434BE95BC}.Release|x86.Build.0 = Release|x86
		{528142B9-3670-47BE-B42A-856434BE95BC}.Release|x86.Deploy.0 = Release|x86
		{9B4345AA-0839-447E-A513-558EBDB01CDC}.Ad-Hoc|Any CPU.ActiveCfg = Release|Any CPU
		{9B4345AA-0839-447E-A513-558EBDB01CDC}.Ad-Hoc|Any CPU.Build.0 = Release|Any CPU
		{9B4345AA-0839-447E-A513-558EBDB01CDC}.Ad-Hoc|Any CPU.Deploy.0 = Release|Any CPU
		{9B4345AA-0839-447E-A513-558EBDB01CDC}.Ad-Hoc|ARM.ActiveCfg = Release|ARM
		{9B4345AA-0839-447E-A513-558EBDB01CDC}.Ad-Hoc|ARM.Build.0 = Release|ARM
		{9B4345AA-0839-447E-A513-558EBDB01CDC}.Ad-Hoc|ARM.Deploy.0 = Release|ARM
		{9B4345AA-0839-447E-A513-558EBDB01CDC}.Ad-Hoc|iPhone.ActiveCfg = Release|Any CPU
		{9B4345AA-0839-447E-A513-558EBDB01CDC}.Ad-Hoc|iPhone.Build.0 = Release|Any CPU
		{9B4345AA-0839-447E-A513-558EBDB01CDC}.Ad-Hoc|iPhone.Deploy.0 = Release|Any CPU
		{9B4345AA-0839-447E-A513-558EBDB01CDC}.Ad-Hoc|iPhoneSimulator.ActiveCfg = Release|Any CPU
		{9B4345AA-0839-447E-A513-558EBDB01CDC}.Ad-Hoc|iPhoneSimulator.Build.0 = Release|Any CPU
		{9B4345AA-0839-447E-A513-558EBDB01CDC}.Ad-Hoc|iPhoneSimulator.Deploy.0 = Release|Any CPU
		{9B4345AA-0839-447E-A513-558EBDB01CDC}.Ad-Hoc|x64.ActiveCfg = Release|x64
		{9B4345AA-0839-447E-A513-558EBDB01CDC}.Ad-Hoc|x64.Build.0 = Release|x64
		{9B4345AA-0839-447E-A513-558EBDB01CDC}.Ad-Hoc|x64.Deploy.0 = Release|x64
		{9B4345AA-0839-447E-A513-558EBDB01CDC}.Ad-Hoc|x86.ActiveCfg = Release|x86
		{9B4345AA-0839-447E-A513-558EBDB01CDC}.Ad-Hoc|x86.Build.0 = Release|x86
		{9B4345AA-0839-447E-A513-558EBDB01CDC}.Ad-Hoc|x86.Deploy.0 = Release|x86
		{9B4345AA-0839-447E-A513-558EBDB01CDC}.AppStore|Any CPU.ActiveCfg = Release|Any CPU
		{9B4345AA-0839-447E-A513-558EBDB01CDC}.AppStore|Any CPU.Build.0 = Release|Any CPU
		{9B4345AA-0839-447E-A513-558EBDB01CDC}.AppStore|Any CPU.Deploy.0 = Release|Any CPU
		{9B4345AA-0839-447E-A513-558EBDB01CDC}.AppStore|ARM.ActiveCfg = Release|ARM
		{9B4345AA-0839-447E-A513-558EBDB01CDC}.AppStore|ARM.Build.0 = Release|ARM
		{9B4345AA-0839-447E-A513-558EBDB01CDC}.AppStore|ARM.Deploy.0 = Release|ARM
		{9B4345AA-0839-447E-A513-558EBDB01CDC}.AppStore|iPhone.ActiveCfg = Release|Any CPU
		{9B4345AA-0839-447E-A513-558EBDB01CDC}.AppStore|iPhone.Build.0 = Release|Any CPU
		{9B4345AA-0839-447E-A513-558EBDB01CDC}.AppStore|iPhone.Deploy.0 = Release|Any CPU
		{9B4345AA-0839-447E-A513-558EBDB01CDC}.AppStore|iPhoneSimulator.ActiveCfg = Release|Any CPU
		{9B4345AA-0839-447E-A513-558EBDB01CDC}.AppStore|iPhoneSimulator.Build.0 = Release|Any CPU
		{9B4345AA-0839-447E-A513-558EBDB01CDC}.AppStore|iPhoneSimulator.Deploy.0 = Release|Any CPU
		{9B4345AA-0839-447E-A513-558EBDB01CDC}.AppStore|x64.ActiveCfg = Release|x64
		{9B4345AA-0839-447E-A513-558EBDB01CDC}.AppStore|x64.Build.0 = Release|x64
		{9B4345AA-0839-447E-A513-558EBDB01CDC}.AppStore|x64.Deploy.0 = Release|x64
		{9B4345AA-0839-447E-A513-558EBDB01CDC}.AppStore|x86.ActiveCfg = Release|x86
		{9B4345AA-0839-447E-A513-558EBDB01CDC}.AppStore|x86.Build.0 = Release|x86
		{9B4345AA-0839-447E-A513-558EBDB01CDC}.AppStore|x86.Deploy.0 = Release|x86
		{9B4345AA-0839-447E-A513-558EBDB01CDC}.Debug|Any CPU.ActiveCfg = Debug|Any CPU
		{9B4345AA-0839-447E-A513-558EBDB01CDC}.Debug|Any CPU.Build.0 = Debug|Any CPU
		{9B4345AA-0839-447E-A513-558EBDB01CDC}.Debug|Any CPU.Deploy.0 = Debug|Any CPU
		{9B4345AA-0839-447E-A513-558EBDB01CDC}.Debug|ARM.ActiveCfg = Debug|ARM
		{9B4345AA-0839-447E-A513-558EBDB01CDC}.Debug|ARM.Build.0 = Debug|ARM
		{9B4345AA-0839-447E-A513-558EBDB01CDC}.Debug|ARM.Deploy.0 = Debug|ARM
		{9B4345AA-0839-447E-A513-558EBDB01CDC}.Debug|iPhone.ActiveCfg = Debug|Any CPU
		{9B4345AA-0839-447E-A513-558EBDB01CDC}.Debug|iPhone.Build.0 = Debug|Any CPU
		{9B4345AA-0839-447E-A513-558EBDB01CDC}.Debug|iPhone.Deploy.0 = Debug|Any CPU
		{9B4345AA-0839-447E-A513-558EBDB01CDC}.Debug|iPhoneSimulator.ActiveCfg = Debug|Any CPU
		{9B4345AA-0839-447E-A513-558EBDB01CDC}.Debug|iPhoneSimulator.Build.0 = Debug|Any CPU
		{9B4345AA-0839-447E-A513-558EBDB01CDC}.Debug|iPhoneSimulator.Deploy.0 = Debug|Any CPU
		{9B4345AA-0839-447E-A513-558EBDB01CDC}.Debug|x64.ActiveCfg = Debug|x64
		{9B4345AA-0839-447E-A513-558EBDB01CDC}.Debug|x64.Build.0 = Debug|x64
		{9B4345AA-0839-447E-A513-558EBDB01CDC}.Debug|x64.Deploy.0 = Debug|x64
		{9B4345AA-0839-447E-A513-558EBDB01CDC}.Debug|x86.ActiveCfg = Debug|x86
		{9B4345AA-0839-447E-A513-558EBDB01CDC}.Debug|x86.Build.0 = Debug|x86
		{9B4345AA-0839-447E-A513-558EBDB01CDC}.Debug|x86.Deploy.0 = Debug|x86
		{9B4345AA-0839-447E-A513-558EBDB01CDC}.Release|Any CPU.ActiveCfg = Release|Any CPU
		{9B4345AA-0839-447E-A513-558EBDB01CDC}.Release|Any CPU.Build.0 = Release|Any CPU
		{9B4345AA-0839-447E-A513-558EBDB01CDC}.Release|Any CPU.Deploy.0 = Release|Any CPU
		{9B4345AA-0839-447E-A513-558EBDB01CDC}.Release|ARM.ActiveCfg = Release|ARM
		{9B4345AA-0839-447E-A513-558EBDB01CDC}.Release|ARM.Build.0 = Release|ARM
		{9B4345AA-0839-447E-A513-558EBDB01CDC}.Release|ARM.Deploy.0 = Release|ARM
		{9B4345AA-0839-447E-A513-558EBDB01CDC}.Release|iPhone.ActiveCfg = Release|Any CPU
		{9B4345AA-0839-447E-A513-558EBDB01CDC}.Release|iPhone.Build.0 = Release|Any CPU
		{9B4345AA-0839-447E-A513-558EBDB01CDC}.Release|iPhone.Deploy.0 = Release|Any CPU
		{9B4345AA-0839-447E-A513-558EBDB01CDC}.Release|iPhoneSimulator.ActiveCfg = Release|Any CPU
		{9B4345AA-0839-447E-A513-558EBDB01CDC}.Release|iPhoneSimulator.Build.0 = Release|Any CPU
		{9B4345AA-0839-447E-A513-558EBDB01CDC}.Release|iPhoneSimulator.Deploy.0 = Release|Any CPU
		{9B4345AA-0839-447E-A513-558EBDB01CDC}.Release|x64.ActiveCfg = Release|x64
		{9B4345AA-0839-447E-A513-558EBDB01CDC}.Release|x64.Build.0 = Release|x64
		{9B4345AA-0839-447E-A513-558EBDB01CDC}.Release|x64.Deploy.0 = Release|x64
		{9B4345AA-0839-447E-A513-558EBDB01CDC}.Release|x86.ActiveCfg = Release|x86
		{9B4345AA-0839-447E-A513-558EBDB01CDC}.Release|x86.Build.0 = Release|x86
		{9B4345AA-0839-447E-A513-558EBDB01CDC}.Release|x86.Deploy.0 = Release|x86
	EndGlobalSection
	GlobalSection(SolutionProperties) = preSolution
		HideSolutionNode = FALSE
	EndGlobalSection
EndGlobal
